
Microsoft Visual Studio Solution File, Format Version 12.00
# Visual Studio Version 17
VisualStudioVersion = 17.5.33627.172
MinimumVisualStudioVersion = 10.0.40219.1
Project("{FAE04EC0-301F-11D3-BF4B-00C04F79EFBC}") = "ConsoleApp_Exercise17.6.6_SkillFactory_Csh-dev", "ConsoleApp_Exercise17.6.6_SkillFactory_Csh-dev\ConsoleApp_Exercise17.6.6_SkillFactory_Csh-dev.csproj", "{C5A84496-0854-49DE-8841-44B242967987}"
EndProject
Global
	GlobalSection(SolutionConfigurationPlatforms) = preSolution
		Debug|Any CPU = Debug|Any CPU
		Release|Any CPU = Release|Any CPU
	EndGlobalSection
	GlobalSection(ProjectConfigurationPlatforms) = postSolution
		{C5A84496-0854-49DE-8841-44B242967987}.Debug|Any CPU.ActiveCfg = Debug|Any CPU
		{C5A84496-0854-49DE-8841-44B242967987}.Debug|Any CPU.Build.0 = Debug|Any CPU
		{C5A84496-0854-49DE-8841-44B242967987}.Release|Any CPU.ActiveCfg = Release|Any CPU
		{C5A84496-0854-49DE-8841-44B242967987}.Release|Any CPU.Build.0 = Release|Any CPU
	EndGlobalSection
	GlobalSection(SolutionProperties) = preSolution
		HideSolutionNode = FALSE
	EndGlobalSection
	GlobalSection(ExtensibilityGlobals) = postSolution
		SolutionGuid = {3C1FD574-2F12-4F36-A027-AB8D92F2358C}
	EndGlobalSection
EndGlobal
